<?xml version="1.0" encoding="utf-8"?>
<Project ToolsVersion="17.0" xmlns="http://schemas.microsoft.com/developer/msbuild/2003">
  <ItemGroup>
    <ClCompile Include="C:\Users\sy415\workspace\rainbow\tests\test_wave_optics_cuda.cpp">
      <Filter>Source Files</Filter>
    </ClCompile>
  </ItemGroup>
  <ItemGroup>
    <CustomBuild Include="C:\Users\sy415\workspace\rainbow\tests\CMakeLists.txt" />
  </ItemGroup>
  <ItemGroup>
    <Filter Include="Source Files">
      <UniqueIdentifier>{37F33DC8-ADE9-3F53-B9D8-F4D0B1CAAAFE}</UniqueIdentifier>
    </Filter>
  </ItemGroup>
</Project>
