<?xml version="1.0" encoding="utf-8"?>
<Project ToolsVersion="17.0" xmlns="http://schemas.microsoft.com/developer/msbuild/2003">
  <ItemGroup>
    <CustomBuild Include="C:\Users\sy415\workspace\rainbow\build-verify\CMakeFiles\6134e24f1550123164d4f76a68f45694\RUN_TESTS_force.rule">
      <Filter>CMake Rules</Filter>
    </CustomBuild>
  </ItemGroup>
  <ItemGroup>
    <Filter Include="CMake Rules">
      <UniqueIdentifier>{900F0BCA-EF62-3CFB-B395-1AEF19B54748}</UniqueIdentifier>
    </Filter>
  </ItemGroup>
</Project>
