
Microsoft Visual Studio Solution File, Format Version 12.00
# Visual Studio Version 17
Project("{2150E333-8FDC-42A3-9474-1A3956D46DE8}") = "CMakePredefinedTargets", "CMakePredefinedTargets", "{7BCBC9B0-19D1-3D21-9B7B-7774A5A3C439}"
EndProject
Project("{2150E333-8FDC-42A3-9474-1A3956D46DE8}") = "CTestDashboardTargets", "CTestDashboardTargets", "{7BC24035-F93A-3346-B6AF-513848F3ADFF}"
EndProject
Project("{8BC9CEB8-8B4A-11D0-8D11-00A0C91BC942}") = "ALL_BUILD", "ALL_BUILD.vcxproj", "{296B051C-DADA-3C32-875F-F1FFC0BD62A8}"
	ProjectSection(ProjectDependencies) = postProject
		{3B2749C0-79C2-3023-B340-85B5CB869251} = {3B2749C0-79C2-3023-B340-85B5CB869251}
		{DE909508-4590-3AD1-BB8E-CB66E9ADEF9A} = {DE909508-4590-3AD1-BB8E-CB66E9ADEF9A}
		{80D6CFA8-E1DE-33B0-AD77-454DEA59EE72} = {80D6CFA8-E1DE-33B0-AD77-454DEA59EE72}
		{88E0F07D-06EB-3016-94E0-B513E37B449A} = {88E0F07D-06EB-3016-94E0-B513E37B449A}
	EndProjectSection
EndProject
Project("{8BC9CEB8-8B4A-11D0-8D11-00A0C91BC942}") = "Continuous", "Continuous.vcxproj", "{3BE9569F-BF0E-307C-A0D2-326D12446C89}"
	ProjectSection(ProjectDependencies) = postProject
		{3B2749C0-79C2-3023-B340-85B5CB869251} = {3B2749C0-79C2-3023-B340-85B5CB869251}
	EndProjectSection
EndProject
Project("{8BC9CEB8-8B4A-11D0-8D11-00A0C91BC942}") = "Experimental", "Experimental.vcxproj", "{A46A7F8A-7233-3070-99FF-FD00F4F41D41}"
	ProjectSection(ProjectDependencies) = postProject
		{3B2749C0-79C2-3023-B340-85B5CB869251} = {3B2749C0-79C2-3023-B340-85B5CB869251}
	EndProjectSection
EndProject
Project("{8BC9CEB8-8B4A-11D0-8D11-00A0C91BC942}") = "Nightly", "Nightly.vcxproj", "{157E3756-9A7B-3B0C-B8EF-B750434944E5}"
	ProjectSection(ProjectDependencies) = postProject
		{3B2749C0-79C2-3023-B340-85B5CB869251} = {3B2749C0-79C2-3023-B340-85B5CB869251}
	EndProjectSection
EndProject
Project("{8BC9CEB8-8B4A-11D0-8D11-00A0C91BC942}") = "NightlyMemoryCheck", "NightlyMemoryCheck.vcxproj", "{13B97DB3-3B2D-3F4B-88BC-B9F12E1AE119}"
	ProjectSection(ProjectDependencies) = postProject
		{3B2749C0-79C2-3023-B340-85B5CB869251} = {3B2749C0-79C2-3023-B340-85B5CB869251}
	EndProjectSection
EndProject
Project("{8BC9CEB8-8B4A-11D0-8D11-00A0C91BC942}") = "RUN_TESTS", "RUN_TESTS.vcxproj", "{549791F8-AAE6-3DF1-B6F7-2A9049EBE2A6}"
	ProjectSection(ProjectDependencies) = postProject
		{3B2749C0-79C2-3023-B340-85B5CB869251} = {3B2749C0-79C2-3023-B340-85B5CB869251}
	EndProjectSection
EndProject
Project("{8BC9CEB8-8B4A-11D0-8D11-00A0C91BC942}") = "ZERO_CHECK", "ZERO_CHECK.vcxproj", "{3B2749C0-79C2-3023-B340-85B5CB869251}"
	ProjectSection(ProjectDependencies) = postProject
	EndProjectSection
EndProject
Project("{8BC9CEB8-8B4A-11D0-8D11-00A0C91BC942}") = "ice_hex_host_tests", "ice_hex_host_tests.vcxproj", "{DE909508-4590-3AD1-BB8E-CB66E9ADEF9A}"
	ProjectSection(ProjectDependencies) = postProject
		{3B2749C0-79C2-3023-B340-85B5CB869251} = {3B2749C0-79C2-3023-B340-85B5CB869251}
		{80D6CFA8-E1DE-33B0-AD77-454DEA59EE72} = {80D6CFA8-E1DE-33B0-AD77-454DEA59EE72}
	EndProjectSection
EndProject
Project("{8BC9CEB8-8B4A-11D0-8D11-00A0C91BC942}") = "ice_hex_trace_core", "ice_hex_trace_core.vcxproj", "{80D6CFA8-E1DE-33B0-AD77-454DEA59EE72}"
	ProjectSection(ProjectDependencies) = postProject
		{3B2749C0-79C2-3023-B340-85B5CB869251} = {3B2749C0-79C2-3023-B340-85B5CB869251}
	EndProjectSection
EndProject
Project("{8BC9CEB8-8B4A-11D0-8D11-00A0C91BC942}") = "ice_trace_hex_cpu", "ice_trace_hex_cpu.vcxproj", "{88E0F07D-06EB-3016-94E0-B513E37B449A}"
	ProjectSection(ProjectDependencies) = postProject
		{3B2749C0-79C2-3023-B340-85B5CB869251} = {3B2749C0-79C2-3023-B340-85B5CB869251}
		{80D6CFA8-E1DE-33B0-AD77-454DEA59EE72} = {80D6CFA8-E1DE-33B0-AD77-454DEA59EE72}
	EndProjectSection
EndProject
Global
	GlobalSection(SolutionConfigurationPlatforms) = preSolution
		Debug|x64 = Debug|x64
		Release|x64 = Release|x64
		MinSizeRel|x64 = MinSizeRel|x64
		RelWithDebInfo|x64 = RelWithDebInfo|x64
	EndGlobalSection
	GlobalSection(ProjectConfigurationPlatforms) = postSolution
		{296B051C-DADA-3C32-875F-F1FFC0BD62A8}.Debug|x64.ActiveCfg = Debug|x64
		{296B051C-DADA-3C32-875F-F1FFC0BD62A8}.Release|x64.ActiveCfg = Release|x64
		{296B051C-DADA-3C32-875F-F1FFC0BD62A8}.MinSizeRel|x64.ActiveCfg = MinSizeRel|x64
		{296B051C-DADA-3C32-875F-F1FFC0BD62A8}.RelWithDebInfo|x64.ActiveCfg = RelWithDebInfo|x64
		{3BE9569F-BF0E-307C-A0D2-326D12446C89}.Debug|x64.ActiveCfg = Debug|x64
		{3BE9569F-BF0E-307C-A0D2-326D12446C89}.Release|x64.ActiveCfg = Release|x64
		{3BE9569F-BF0E-307C-A0D2-326D12446C89}.MinSizeRel|x64.ActiveCfg = MinSizeRel|x64
		{3BE9569F-BF0E-307C-A0D2-326D12446C89}.RelWithDebInfo|x64.ActiveCfg = RelWithDebInfo|x64
		{A46A7F8A-7233-3070-99FF-FD00F4F41D41}.Debug|x64.ActiveCfg = Debug|x64
		{A46A7F8A-7233-3070-99FF-FD00F4F41D41}.Release|x64.ActiveCfg = Release|x64
		{A46A7F8A-7233-3070-99FF-FD00F4F41D41}.MinSizeRel|x64.ActiveCfg = MinSizeRel|x64
		{A46A7F8A-7233-3070-99FF-FD00F4F41D41}.RelWithDebInfo|x64.ActiveCfg = RelWithDebInfo|x64
		{157E3756-9A7B-3B0C-B8EF-B750434944E5}.Debug|x64.ActiveCfg = Debug|x64
		{157E3756-9A7B-3B0C-B8EF-B750434944E5}.Release|x64.ActiveCfg = Release|x64
		{157E3756-9A7B-3B0C-B8EF-B750434944E5}.MinSizeRel|x64.ActiveCfg = MinSizeRel|x64
		{157E3756-9A7B-3B0C-B8EF-B750434944E5}.RelWithDebInfo|x64.ActiveCfg = RelWithDebInfo|x64
		{13B97DB3-3B2D-3F4B-88BC-B9F12E1AE119}.Debug|x64.ActiveCfg = Debug|x64
		{13B97DB3-3B2D-3F4B-88BC-B9F12E1AE119}.Release|x64.ActiveCfg = Release|x64
		{13B97DB3-3B2D-3F4B-88BC-B9F12E1AE119}.MinSizeRel|x64.ActiveCfg = MinSizeRel|x64
		{13B97DB3-3B2D-3F4B-88BC-B9F12E1AE119}.RelWithDebInfo|x64.ActiveCfg = RelWithDebInfo|x64
		{549791F8-AAE6-3DF1-B6F7-2A9049EBE2A6}.Debug|x64.ActiveCfg = Debug|x64
		{549791F8-AAE6-3DF1-B6F7-2A9049EBE2A6}.Release|x64.ActiveCfg = Release|x64
		{549791F8-AAE6-3DF1-B6F7-2A9049EBE2A6}.MinSizeRel|x64.ActiveCfg = MinSizeRel|x64
		{549791F8-AAE6-3DF1-B6F7-2A9049EBE2A6}.RelWithDebInfo|x64.ActiveCfg = RelWithDebInfo|x64
		{3B2749C0-79C2-3023-B340-85B5CB869251}.Debug|x64.ActiveCfg = Debug|x64
		{3B2749C0-79C2-3023-B340-85B5CB869251}.Debug|x64.Build.0 = Debug|x64
		{3B2749C0-79C2-3023-B340-85B5CB869251}.Release|x64.ActiveCfg = Release|x64
		{3B2749C0-79C2-3023-B340-85B5CB869251}.Release|x64.Build.0 = Release|x64
		{3B2749C0-79C2-3023-B340-85B5CB869251}.MinSizeRel|x64.ActiveCfg = MinSizeRel|x64
		{3B2749C0-79C2-3023-B340-85B5CB869251}.MinSizeRel|x64.Build.0 = MinSizeRel|x64
		{3B2749C0-79C2-3023-B340-85B5CB869251}.RelWithDebInfo|x64.ActiveCfg = RelWithDebInfo|x64
		{3B2749C0-79C2-3023-B340-85B5CB869251}.RelWithDebInfo|x64.Build.0 = RelWithDebInfo|x64
		{DE909508-4590-3AD1-BB8E-CB66E9ADEF9A}.Debug|x64.ActiveCfg = Debug|x64
		{DE909508-4590-3AD1-BB8E-CB66E9ADEF9A}.Debug|x64.Build.0 = Debug|x64
		{DE909508-4590-3AD1-BB8E-CB66E9ADEF9A}.Release|x64.ActiveCfg = Release|x64
		{DE909508-4590-3AD1-BB8E-CB66E9ADEF9A}.Release|x64.Build.0 = Release|x64
		{DE909508-4590-3AD1-BB8E-CB66E9ADEF9A}.MinSizeRel|x64.ActiveCfg = MinSizeRel|x64
		{DE909508-4590-3AD1-BB8E-CB66E9ADEF9A}.MinSizeRel|x64.Build.0 = MinSizeRel|x64
		{DE909508-4590-3AD1-BB8E-CB66E9ADEF9A}.RelWithDebInfo|x64.ActiveCfg = RelWithDebInfo|x64
		{DE909508-4590-3AD1-BB8E-CB66E9ADEF9A}.RelWithDebInfo|x64.Build.0 = RelWithDebInfo|x64
		{80D6CFA8-E1DE-33B0-AD77-454DEA59EE72}.Debug|x64.ActiveCfg = Debug|x64
		{80D6CFA8-E1DE-33B0-AD77-454DEA59EE72}.Debug|x64.Build.0 = Debug|x64
		{80D6CFA8-E1DE-33B0-AD77-454DEA59EE72}.Release|x64.ActiveCfg = Release|x64
		{80D6CFA8-E1DE-33B0-AD77-454DEA59EE72}.Release|x64.Build.0 = Release|x64
		{80D6CFA8-E1DE-33B0-AD77-454DEA59EE72}.MinSizeRel|x64.ActiveCfg = MinSizeRel|x64
		{80D6CFA8-E1DE-33B0-AD77-454DEA59EE72}.MinSizeRel|x64.Build.0 = MinSizeRel|x64
		{80D6CFA8-E1DE-33B0-AD77-454DEA59EE72}.RelWithDebInfo|x64.ActiveCfg = RelWithDebInfo|x64
		{80D6CFA8-E1DE-33B0-AD77-454DEA59EE72}.RelWithDebInfo|x64.Build.0 = RelWithDebInfo|x64
		{88E0F07D-06EB-3016-94E0-B513E37B449A}.Debug|x64.ActiveCfg = Debug|x64
		{88E0F07D-06EB-3016-94E0-B513E37B449A}.Debug|x64.Build.0 = Debug|x64
		{88E0F07D-06EB-3016-94E0-B513E37B449A}.Release|x64.ActiveCfg = Release|x64
		{88E0F07D-06EB-3016-94E0-B513E37B449A}.Release|x64.Build.0 = Release|x64
		{88E0F07D-06EB-3016-94E0-B513E37B449A}.MinSizeRel|x64.ActiveCfg = MinSizeRel|x64
		{88E0F07D-06EB-3016-94E0-B513E37B449A}.MinSizeRel|x64.Build.0 = MinSizeRel|x64
		{88E0F07D-06EB-3016-94E0-B513E37B449A}.RelWithDebInfo|x64.ActiveCfg = RelWithDebInfo|x64
		{88E0F07D-06EB-3016-94E0-B513E37B449A}.RelWithDebInfo|x64.Build.0 = RelWithDebInfo|x64
	EndGlobalSection
	GlobalSection(NestedProjects) = preSolution
		{296B051C-DADA-3C32-875F-F1FFC0BD62A8} = {7BCBC9B0-19D1-3D21-9B7B-7774A5A3C439}
		{549791F8-AAE6-3DF1-B6F7-2A9049EBE2A6} = {7BCBC9B0-19D1-3D21-9B7B-7774A5A3C439}
		{3B2749C0-79C2-3023-B340-85B5CB869251} = {7BCBC9B0-19D1-3D21-9B7B-7774A5A3C439}
		{3BE9569F-BF0E-307C-A0D2-326D12446C89} = {7BC24035-F93A-3346-B6AF-513848F3ADFF}
		{A46A7F8A-7233-3070-99FF-FD00F4F41D41} = {7BC24035-F93A-3346-B6AF-513848F3ADFF}
		{157E3756-9A7B-3B0C-B8EF-B750434944E5} = {7BC24035-F93A-3346-B6AF-513848F3ADFF}
		{13B97DB3-3B2D-3F4B-88BC-B9F12E1AE119} = {7BC24035-F93A-3346-B6AF-513848F3ADFF}
	EndGlobalSection
	GlobalSection(ExtensibilityGlobals) = postSolution
		SolutionGuid = {50D93F30-EB43-34DF-9013-C045588049B6}
	EndGlobalSection
	GlobalSection(ExtensibilityAddIns) = postSolution
	EndGlobalSection
EndGlobal
