<?xml version="1.0" encoding="utf-8"?>
<Project ToolsVersion="17.0" xmlns="http://schemas.microsoft.com/developer/msbuild/2003">
  <ItemGroup>
    <CustomBuild Include="C:\Users\sy415\workspace\ice-crystal-phase\build-hex-host\CMakeFiles\69605226759450dd903c0e3d0b98a05a\NightlyMemoryCheck.rule">
      <Filter>CMake Rules</Filter>
    </CustomBuild>
    <CustomBuild Include="C:\Users\sy415\workspace\ice-crystal-phase\hex_trace\CMakeLists.txt" />
  </ItemGroup>
  <ItemGroup>
    <None Include="C:\Users\sy415\workspace\ice-crystal-phase\build-hex-host\CMakeFiles\NightlyMemoryCheck" />
  </ItemGroup>
  <ItemGroup>
    <Filter Include="CMake Rules">
      <UniqueIdentifier>{B6AF178E-32B4-31B3-923C-F164D4ECC94D}</UniqueIdentifier>
    </Filter>
  </ItemGroup>
</Project>
